{
    "requires": true,
    "lockfileVersion": 1,
    "dependencies": {
        "sweetalert2": {
            "version": "8.8.5",
            "resolved": "https://registry.npmjs.org/sweetalert2/-/sweetalert2-8.8.5.tgz",
            "integrity": "sha512-Ajg4u6N0NEHgQ13xwLAXgTmLwFeDwN9JhgCC39YsIwTCN0yqEN8KRnLpmS0izM3GhdzgBmWA6WSgcKBZDyFfUw=="
        }
    }
}
